
Microsoft Visual Studio Solution File, Format Version 12.00
# Visual Studio Version 17
VisualStudioVersion = 17.7.34202.233
MinimumVisualStudioVersion = 10.0.40219.1
Project("{FAE04EC0-301F-11D3-BF4B-00C04F79EFBC}") = "EntityFramework.DBContext", "EntityFramework.DBContext.csproj", "{91AAF9AB-55C4-4B24-9262-F10BAF03B193}"
EndProject
Global
	GlobalSection(SolutionConfigurationPlatforms) = preSolution
		Debug|Any CPU = Debug|Any CPU
		Release|Any CPU = Release|Any CPU
	EndGlobalSection
	GlobalSection(ProjectConfigurationPlatforms) = postSolution
		{91AAF9AB-55C4-4B24-9262-F10BAF03B193}.Debug|Any CPU.ActiveCfg = Debug|Any CPU
		{91AAF9AB-55C4-4B24-9262-F10BAF03B193}.Debug|Any CPU.Build.0 = Debug|Any CPU
		{91AAF9AB-55C4-4B24-9262-F10BAF03B193}.Release|Any CPU.ActiveCfg = Release|Any CPU
		{91AAF9AB-55C4-4B24-9262-F10BAF03B193}.Release|Any CPU.Build.0 = Release|Any CPU
	EndGlobalSection
	GlobalSection(SolutionProperties) = preSolution
		HideSolutionNode = FALSE
	EndGlobalSection
	GlobalSection(ExtensibilityGlobals) = postSolution
		SolutionGuid = {C704345E-CA64-4356-91D9-EC5613433B3D}
	EndGlobalSection
EndGlobal
